// !$*UTF8*$!
{
	archiveVersion = 1;
	classes = {
	};
	objectVersion = 56;
	objects = {

/* Begin PBXBuildFile section */
		9BDF25D12B71F87C0084D816 /* testsparApp.swift in Sources */ = {isa = PBXBuildFile; fileRef = 9BDF25D02B71F87C0084D816 /* testsparApp.swift */; };
		9BDF25D32B71F87C0084D816 /* ContentView.swift in Sources */ = {isa = PBXBuildFile; fileRef = 9BDF25D22B71F87C0084D816 /* ContentView.swift */; };
		9BDF25D72B71F87D0084D816 /* Assets.xcassets in Resources */ = {isa = PBXBuildFile; fileRef = 9BDF25D62B71F87D0084D816 /* Assets.xcassets */; };
		9BDF25DA2B71F87D0084D816 /* Preview Assets.xcassets in Resources */ = {isa = PBXBuildFile; fileRef = 9BDF25D92B71F87D0084D816 /* Preview Assets.xcassets */; };
		9BDF26012B71F9DC0084D816 /* Product.swift in Sources */ = {isa = PBXBuildFile; fileRef = 9BDF26002B71F9DC0084D816 /* Product.swift */; };
		9BDF26032B71FA170084D816 /* MainView.swift in Sources */ = {isa = PBXBuildFile; fileRef = 9BDF26022B71FA170084D816 /* MainView.swift */; };
		9BDF26052B71FA3D0084D816 /* ProductDetailView.swift in Sources */ = {isa = PBXBuildFile; fileRef = 9BDF26042B71FA3D0084D816 /* ProductDetailView.swift */; };
		9BDF260D2B71FB220084D816 /* MainViewVM.swift in Sources */ = {isa = PBXBuildFile; fileRef = 9BDF260C2B71FB220084D816 /* MainViewVM.swift */; };
		9BDF26142B71FBDC0084D816 /* ProfileView.swift in Sources */ = {isa = PBXBuildFile; fileRef = 9BDF26132B71FBDC0084D816 /* ProfileView.swift */; };
		9BDF26162B71FC040084D816 /* TrashView.swift in Sources */ = {isa = PBXBuildFile; fileRef = 9BDF26152B71FC040084D816 /* TrashView.swift */; };
		9BDF26182B71FC2B0084D816 /* CatalogView.swift in Sources */ = {isa = PBXBuildFile; fileRef = 9BDF26172B71FC2B0084D816 /* CatalogView.swift */; };
		9BDF261A2B71FC760084D816 /* NetworkService.swift in Sources */ = {isa = PBXBuildFile; fileRef = 9BDF26192B71FC760084D816 /* NetworkService.swift */; };
		9BDF261C2B71FDE50084D816 /* ProductRow.swift in Sources */ = {isa = PBXBuildFile; fileRef = 9BDF261B2B71FDE50084D816 /* ProductRow.swift */; };
		9BDF261E2B71FE400084D816 /* PriceFractionRow.swift in Sources */ = {isa = PBXBuildFile; fileRef = 9BDF261D2B71FE400084D816 /* PriceFractionRow.swift */; };
		9BDF26202B71FE4A0084D816 /* ReviewRow.swift in Sources */ = {isa = PBXBuildFile; fileRef = 9BDF261F2B71FE4A0084D816 /* ReviewRow.swift */; };
		9BDF26222B71FE540084D816 /* StarRatingRow.swift in Sources */ = {isa = PBXBuildFile; fileRef = 9BDF26212B71FE540084D816 /* StarRatingRow.swift */; };
/* End PBXBuildFile section */

/* Begin PBXContainerItemProxy section */
		9BDF25E02B71F87E0084D816 /* PBXContainerItemProxy */ = {
			isa = PBXContainerItemProxy;
			containerPortal = 9BDF25C52B71F87C0084D816 /* Project object */;
			proxyType = 1;
			remoteGlobalIDString = 9BDF25CC2B71F87C0084D816;
			remoteInfo = TestSpar;
		};
		9BDF25EA2B71F87E0084D816 /* PBXContainerItemProxy */ = {
			isa = PBXContainerItemProxy;
			containerPortal = 9BDF25C52B71F87C0084D816 /* Project object */;
			proxyType = 1;
			remoteGlobalIDString = 9BDF25CC2B71F87C0084D816;
			remoteInfo = TestSpar;
		};
/* End PBXContainerItemProxy section */

/* Begin PBXFileReference section */
		9BDF25CD2B71F87C0084D816 /* TestSpar.app */ = {isa = PBXFileReference; explicitFileType = wrapper.application; includeInIndex = 0; path = TestSpar.app; sourceTree = BUILT_PRODUCTS_DIR; };
		9BDF25D02B71F87C0084D816 /* testsparApp.swift */ = {isa = PBXFileReference; lastKnownFileType = sourcecode.swift; path = testsparApp.swift; sourceTree = "<group>"; };
		9BDF25D22B71F87C0084D816 /* ContentView.swift */ = {isa = PBXFileReference; lastKnownFileType = sourcecode.swift; path = ContentView.swift; sourceTree = "<group>"; };
		9BDF25D62B71F87D0084D816 /* Assets.xcassets */ = {isa = PBXFileReference; lastKnownFileType = folder.assetcatalog; name = Assets.xcassets; path = "../Preview Content/Assets.xcassets"; sourceTree = "<group>"; };
		9BDF25D92B71F87D0084D816 /* Preview Assets.xcassets */ = {isa = PBXFileReference; lastKnownFileType = folder.assetcatalog; path = "Preview Assets.xcassets"; sourceTree = "<group>"; };
		9BDF25DF2B71F87E0084D816 /* TestSparTests.xctest */ = {isa = PBXFileReference; explicitFileType = wrapper.cfbundle; includeInIndex = 0; path = TestSparTests.xctest; sourceTree = BUILT_PRODUCTS_DIR; };
		9BDF25E92B71F87E0084D816 /* TestSparUITests.xctest */ = {isa = PBXFileReference; explicitFileType = wrapper.cfbundle; includeInIndex = 0; path = TestSparUITests.xctest; sourceTree = BUILT_PRODUCTS_DIR; };
		9BDF26002B71F9DC0084D816 /* Product.swift */ = {isa = PBXFileReference; lastKnownFileType = sourcecode.swift; path = Product.swift; sourceTree = "<group>"; };
		9BDF26022B71FA170084D816 /* MainView.swift */ = {isa = PBXFileReference; lastKnownFileType = sourcecode.swift; path = MainView.swift; sourceTree = "<group>"; };
		9BDF26042B71FA3D0084D816 /* ProductDetailView.swift */ = {isa = PBXFileReference; lastKnownFileType = sourcecode.swift; path = ProductDetailView.swift; sourceTree = "<group>"; };
		9BDF260C2B71FB220084D816 /* MainViewVM.swift */ = {isa = PBXFileReference; lastKnownFileType = sourcecode.swift; path = MainViewVM.swift; sourceTree = "<group>"; };
		9BDF26132B71FBDC0084D816 /* ProfileView.swift */ = {isa = PBXFileReference; lastKnownFileType = sourcecode.swift; path = ProfileView.swift; sourceTree = "<group>"; };
		9BDF26152B71FC040084D816 /* TrashView.swift */ = {isa = PBXFileReference; lastKnownFileType = sourcecode.swift; path = TrashView.swift; sourceTree = "<group>"; };
		9BDF26172B71FC2B0084D816 /* CatalogView.swift */ = {isa = PBXFileReference; lastKnownFileType = sourcecode.swift; path = CatalogView.swift; sourceTree = "<group>"; };
		9BDF26192B71FC760084D816 /* NetworkService.swift */ = {isa = PBXFileReference; lastKnownFileType = sourcecode.swift; path = NetworkService.swift; sourceTree = "<group>"; };
		9BDF261B2B71FDE50084D816 /* ProductRow.swift */ = {isa = PBXFileReference; lastKnownFileType = sourcecode.swift; path = ProductRow.swift; sourceTree = "<group>"; };
		9BDF261D2B71FE400084D816 /* PriceFractionRow.swift */ = {isa = PBXFileReference; lastKnownFileType = sourcecode.swift; path = PriceFractionRow.swift; sourceTree = "<group>"; };
		9BDF261F2B71FE4A0084D816 /* ReviewRow.swift */ = {isa = PBXFileReference; lastKnownFileType = sourcecode.swift; path = ReviewRow.swift; sourceTree = "<group>"; };
		9BDF26212B71FE540084D816 /* StarRatingRow.swift */ = {isa = PBXFileReference; lastKnownFileType = sourcecode.swift; path = StarRatingRow.swift; sourceTree = "<group>"; };
/* End PBXFileReference section */

/* Begin PBXFrameworksBuildPhase section */
		9BDF25CA2B71F87C0084D816 /* Frameworks */ = {
			isa = PBXFrameworksBuildPhase;
			buildActionMask = 2147483647;
			files = (
			);
			runOnlyForDeploymentPostprocessing = 0;
		};
		9BDF25DC2B71F87E0084D816 /* Frameworks */ = {
			isa = PBXFrameworksBuildPhase;
			buildActionMask = 2147483647;
			files = (
			);
			runOnlyForDeploymentPostprocessing = 0;
		};
		9BDF25E62B71F87E0084D816 /* Frameworks */ = {
			isa = PBXFrameworksBuildPhase;
			buildActionMask = 2147483647;
			files = (
			);
			runOnlyForDeploymentPostprocessing = 0;
		};
/* End PBXFrameworksBuildPhase section */

/* Begin PBXGroup section */
		9BDF25C42B71F87C0084D816 = {
			isa = PBXGroup;
			children = (
				9BDF25CF2B71F87C0084D816 /* TestSpar */,
				9BDF25CE2B71F87C0084D816 /* Products */,
			);
			sourceTree = "<group>";
		};
		9BDF25CE2B71F87C0084D816 /* Products */ = {
			isa = PBXGroup;
			children = (
				9BDF25CD2B71F87C0084D816 /* TestSpar.app */,
				9BDF25DF2B71F87E0084D816 /* TestSparTests.xctest */,
				9BDF25E92B71F87E0084D816 /* TestSparUITests.xctest */,
			);
			name = Products;
			sourceTree = "<group>";
		};
		9BDF25CF2B71F87C0084D816 /* TestSpar */ = {
			isa = PBXGroup;
			children = (
				9BDF25D02B71F87C0084D816 /* testsparApp.swift */,
				9BDF25D22B71F87C0084D816 /* ContentView.swift */,
				9BDF25FC2B71F9870084D816 /* MainScreen */,
				9BDF26122B71FBB50084D816 /* Service */,
				9BDF26112B71FBA00084D816 /* ProfileView */,
				9BDF260F2B71FB850084D816 /* TrashView */,
				9BDF260E2B71FB6C0084D816 /* CatalogScreen */,
				9BDF25D82B71F87D0084D816 /* Preview Content */,
			);
			path = TestSpar;
			sourceTree = "<group>";
		};
		9BDF25D82B71F87D0084D816 /* Preview Content */ = {
			isa = PBXGroup;
			children = (
				9BDF25D92B71F87D0084D816 /* Preview Assets.xcassets */,
			);
			path = "Preview Content";
			sourceTree = "<group>";
		};
		9BDF25FC2B71F9870084D816 /* MainScreen */ = {
			isa = PBXGroup;
			children = (
				9BDF25FD2B71F99A0084D816 /* Model */,
				9BDF25FE2B71F9B00084D816 /* View */,
				9BDF25FF2B71F9B90084D816 /* ViewModel */,
			);
			path = MainScreen;
			sourceTree = "<group>";
		};
		9BDF25FD2B71F99A0084D816 /* Model */ = {
			isa = PBXGroup;
			children = (
				9BDF26002B71F9DC0084D816 /* Product.swift */,
			);
			path = Model;
			sourceTree = "<group>";
		};
		9BDF25FE2B71F9B00084D816 /* View */ = {
			isa = PBXGroup;
			children = (
				9BDF26022B71FA170084D816 /* MainView.swift */,
				9BDF26042B71FA3D0084D816 /* ProductDetailView.swift */,
				9BDF26062B71FA7E0084D816 /* Components */,
			);
			path = View;
			sourceTree = "<group>";
		};
		9BDF25FF2B71F9B90084D816 /* ViewModel */ = {
			isa = PBXGroup;
			children = (
				9BDF260C2B71FB220084D816 /* MainViewVM.swift */,
			);
			path = ViewModel;
			sourceTree = "<group>";
		};
		9BDF26062B71FA7E0084D816 /* Components */ = {
			isa = PBXGroup;
			children = (
				9BDF26072B71FA8C0084D816 /* Rows */,
			);
			path = Components;
			sourceTree = "<group>";
		};
		9BDF26072B71FA8C0084D816 /* Rows */ = {
			isa = PBXGroup;
			children = (
				9BDF261B2B71FDE50084D816 /* ProductRow.swift */,
				9BDF261D2B71FE400084D816 /* PriceFractionRow.swift */,
				9BDF261F2B71FE4A0084D816 /* ReviewRow.swift */,
				9BDF26212B71FE540084D816 /* StarRatingRow.swift */,
			);
			path = Rows;
			sourceTree = "<group>";
		};
		9BDF260E2B71FB6C0084D816 /* CatalogScreen */ = {
			isa = PBXGroup;
			children = (
				9BDF26172B71FC2B0084D816 /* CatalogView.swift */,
			);
			path = CatalogScreen;
			sourceTree = "<group>";
		};
		9BDF260F2B71FB850084D816 /* TrashView */ = {
			isa = PBXGroup;
			children = (
				9BDF26152B71FC040084D816 /* TrashView.swift */,
			);
			path = TrashView;
			sourceTree = "<group>";
		};
		9BDF26112B71FBA00084D816 /* ProfileView */ = {
			isa = PBXGroup;
			children = (
				9BDF26132B71FBDC0084D816 /* ProfileView.swift */,
			);
			path = ProfileView;
			sourceTree = "<group>";
		};
		9BDF26122B71FBB50084D816 /* Service */ = {
			isa = PBXGroup;
			children = (
				9BDF26192B71FC760084D816 /* NetworkService.swift */,
				9BDF25D62B71F87D0084D816 /* Assets.xcassets */,
			);
			path = Service;
			sourceTree = "<group>";
		};
/* End PBXGroup section */

/* Begin PBXNativeTarget section */
		9BDF25CC2B71F87C0084D816 /* TestSpar */ = {
			isa = PBXNativeTarget;
			buildConfigurationList = 9BDF25F32B71F87E0084D816 /* Build configuration list for PBXNativeTarget "TestSpar" */;
			buildPhases = (
				9BDF25C92B71F87C0084D816 /* Sources */,
				9BDF25CA2B71F87C0084D816 /* Frameworks */,
				9BDF25CB2B71F87C0084D816 /* Resources */,
			);
			buildRules = (
			);
			dependencies = (
			);
			name = TestSpar;
			productName = TestSpar;
			productReference = 9BDF25CD2B71F87C0084D816 /* TestSpar.app */;
			productType = "com.apple.product-type.application";
		};
		9BDF25DE2B71F87E0084D816 /* TestSparTests */ = {
			isa = PBXNativeTarget;
			buildConfigurationList = 9BDF25F62B71F87E0084D816 /* Build configuration list for PBXNativeTarget "TestSparTests" */;
			buildPhases = (
				9BDF25DB2B71F87E0084D816 /* Sources */,
				9BDF25DC2B71F87E0084D816 /* Frameworks */,
				9BDF25DD2B71F87E0084D816 /* Resources */,
			);
			buildRules = (
			);
			dependencies = (
				9BDF25E12B71F87E0084D816 /* PBXTargetDependency */,
			);
			name = TestSparTests;
			productName = TestSparTests;
			productReference = 9BDF25DF2B71F87E0084D816 /* TestSparTests.xctest */;
			productType = "com.apple.product-type.bundle.unit-test";
		};
		9BDF25E82B71F87E0084D816 /* TestSparUITests */ = {
			isa = PBXNativeTarget;
			buildConfigurationList = 9BDF25F92B71F87E0084D816 /* Build configuration list for PBXNativeTarget "TestSparUITests" */;
			buildPhases = (
				9BDF25E52B71F87E0084D816 /* Sources */,
				9BDF25E62B71F87E0084D816 /* Frameworks */,
				9BDF25E72B71F87E0084D816 /* Resources */,
			);
			buildRules = (
			);
			dependencies = (
				9BDF25EB2B71F87E0084D816 /* PBXTargetDependency */,
			);
			name = TestSparUITests;
			productName = TestSparUITests;
			productReference = 9BDF25E92B71F87E0084D816 /* TestSparUITests.xctest */;
			productType = "com.apple.product-type.bundle.ui-testing";
		};
/* End PBXNativeTarget section */

/* Begin PBXProject section */
		9BDF25C52B71F87C0084D816 /* Project object */ = {
			isa = PBXProject;
			attributes = {
				BuildIndependentTargetsInParallel = 1;
				LastSwiftUpdateCheck = 1520;
				LastUpgradeCheck = 1520;
				TargetAttributes = {
					9BDF25CC2B71F87C0084D816 = {
						CreatedOnToolsVersion = 15.2;
					};
					9BDF25DE2B71F87E0084D816 = {
						CreatedOnToolsVersion = 15.2;
						TestTargetID = 9BDF25CC2B71F87C0084D816;
					};
					9BDF25E82B71F87E0084D816 = {
						CreatedOnToolsVersion = 15.2;
						TestTargetID = 9BDF25CC2B71F87C0084D816;
					};
				};
			};
			buildConfigurationList = 9BDF25C82B71F87C0084D816 /* Build configuration list for PBXProject "TestSpar" */;
			compatibilityVersion = "Xcode 14.0";
			developmentRegion = en;
			hasScannedForEncodings = 0;
			knownRegions = (
				en,
				Base,
			);
			mainGroup = 9BDF25C42B71F87C0084D816;
			productRefGroup = 9BDF25CE2B71F87C0084D816 /* Products */;
			projectDirPath = "";
			projectRoot = "";
			targets = (
				9BDF25CC2B71F87C0084D816 /* TestSpar */,
				9BDF25DE2B71F87E0084D816 /* TestSparTests */,
				9BDF25E82B71F87E0084D816 /* TestSparUITests */,
			);
		};
/* End PBXProject section */

/* Begin PBXResourcesBuildPhase section */
		9BDF25CB2B71F87C0084D816 /* Resources */ = {
			isa = PBXResourcesBuildPhase;
			buildActionMask = 2147483647;
			files = (
				9BDF25DA2B71F87D0084D816 /* Preview Assets.xcassets in Resources */,
				9BDF25D72B71F87D0084D816 /* Assets.xcassets in Resources */,
			);
			runOnlyForDeploymentPostprocessing = 0;
		};
		9BDF25DD2B71F87E0084D816 /* Resources */ = {
			isa = PBXResourcesBuildPhase;
			buildActionMask = 2147483647;
			files = (
			);
			runOnlyForDeploymentPostprocessing = 0;
		};
		9BDF25E72B71F87E0084D816 /* Resources */ = {
			isa = PBXResourcesBuildPhase;
			buildActionMask = 2147483647;
			files = (
			);
			runOnlyForDeploymentPostprocessing = 0;
		};
/* End PBXResourcesBuildPhase section */

/* Begin PBXSourcesBuildPhase section */
		9BDF25C92B71F87C0084D816 /* Sources */ = {
			isa = PBXSourcesBuildPhase;
			buildActionMask = 2147483647;
			files = (
				9BDF261A2B71FC760084D816 /* NetworkService.swift in Sources */,
				9BDF260D2B71FB220084D816 /* MainViewVM.swift in Sources */,
				9BDF26182B71FC2B0084D816 /* CatalogView.swift in Sources */,
				9BDF25D32B71F87C0084D816 /* ContentView.swift in Sources */,
				9BDF26202B71FE4A0084D816 /* ReviewRow.swift in Sources */,
				9BDF26052B71FA3D0084D816 /* ProductDetailView.swift in Sources */,
				9BDF26032B71FA170084D816 /* MainView.swift in Sources */,
				9BDF261E2B71FE400084D816 /* PriceFractionRow.swift in Sources */,
				9BDF26012B71F9DC0084D816 /* Product.swift in Sources */,
				9BDF26222B71FE540084D816 /* StarRatingRow.swift in Sources */,
				9BDF261C2B71FDE50084D816 /* ProductRow.swift in Sources */,
				9BDF26142B71FBDC0084D816 /* ProfileView.swift in Sources */,
				9BDF25D12B71F87C0084D816 /* testsparApp.swift in Sources */,
				9BDF26162B71FC040084D816 /* TrashView.swift in Sources */,
			);
			runOnlyForDeploymentPostprocessing = 0;
		};
		9BDF25DB2B71F87E0084D816 /* Sources */ = {
			isa = PBXSourcesBuildPhase;
			buildActionMask = 2147483647;
			files = (
			);
			runOnlyForDeploymentPostprocessing = 0;
		};
		9BDF25E52B71F87E0084D816 /* Sources */ = {
			isa = PBXSourcesBuildPhase;
			buildActionMask = 2147483647;
			files = (
			);
			runOnlyForDeploymentPostprocessing = 0;
		};
/* End PBXSourcesBuildPhase section */

/* Begin PBXTargetDependency section */
		9BDF25E12B71F87E0084D816 /* PBXTargetDependency */ = {
			isa = PBXTargetDependency;
			target = 9BDF25CC2B71F87C0084D816 /* TestSpar */;
			targetProxy = 9BDF25E02B71F87E0084D816 /* PBXContainerItemProxy */;
		};
		9BDF25EB2B71F87E0084D816 /* PBXTargetDependency */ = {
			isa = PBXTargetDependency;
			target = 9BDF25CC2B71F87C0084D816 /* TestSpar */;
			targetProxy = 9BDF25EA2B71F87E0084D816 /* PBXContainerItemProxy */;
		};
/* End PBXTargetDependency section */

/* Begin XCBuildConfiguration section */
		9BDF25F12B71F87E0084D816 /* Debug */ = {
			isa = XCBuildConfiguration;
			buildSettings = {
				ALWAYS_SEARCH_USER_PATHS = NO;
				ASSETCATALOG_COMPILER_GENERATE_SWIFT_ASSET_SYMBOL_EXTENSIONS = YES;
				CLANG_ANALYZER_NONNULL = YES;
				CLANG_ANALYZER_NUMBER_OBJECT_CONVERSION = YES_AGGRESSIVE;
				CLANG_CXX_LANGUAGE_STANDARD = "gnu++20";
				CLANG_ENABLE_MODULES = YES;
				CLANG_ENABLE_OBJC_ARC = YES;
				CLANG_ENABLE_OBJC_WEAK = YES;
				CLANG_WARN_BLOCK_CAPTURE_AUTORELEASING = YES;
				CLANG_WARN_BOOL_CONVERSION = YES;
				CLANG_WARN_COMMA = YES;
				CLANG_WARN_CONSTANT_CONVERSION = YES;
				CLANG_WARN_DEPRECATED_OBJC_IMPLEMENTATIONS = YES;
				CLANG_WARN_DIRECT_OBJC_ISA_USAGE = YES_ERROR;
				CLANG_WARN_DOCUMENTATION_COMMENTS = YES;
				CLANG_WARN_EMPTY_BODY = YES;
				CLANG_WARN_ENUM_CONVERSION = YES;
				CLANG_WARN_INFINITE_RECURSION = YES;
				CLANG_WARN_INT_CONVERSION = YES;
				CLANG_WARN_NON_LITERAL_NULL_CONVERSION = YES;
				CLANG_WARN_OBJC_IMPLICIT_RETAIN_SELF = YES;
				CLANG_WARN_OBJC_LITERAL_CONVERSION = YES;
				CLANG_WARN_OBJC_ROOT_CLASS = YES_ERROR;
				CLANG_WARN_QUOTED_INCLUDE_IN_FRAMEWORK_HEADER = YES;
				CLANG_WARN_RANGE_LOOP_ANALYSIS = YES;
				CLANG_WARN_STRICT_PROTOTYPES = YES;
				CLANG_WARN_SUSPICIOUS_MOVE = YES;
				CLANG_WARN_UNGUARDED_AVAILABILITY = YES_AGGRESSIVE;
				CLANG_WARN_UNREACHABLE_CODE = YES;
				CLANG_WARN__DUPLICATE_METHOD_MATCH = YES;
				COPY_PHASE_STRIP = NO;
				DEBUG_INFORMATION_FORMAT = dwarf;
				ENABLE_STRICT_OBJC_MSGSEND = YES;
				ENABLE_TESTABILITY = YES;
				ENABLE_USER_SCRIPT_SANDBOXING = YES;
				GCC_C_LANGUAGE_STANDARD = gnu17;
				GCC_DYNAMIC_NO_PIC = NO;
				GCC_NO_COMMON_BLOCKS = YES;
				GCC_OPTIMIZATION_LEVEL = 0;
				GCC_PREPROCESSOR_DEFINITIONS = (
					"DEBUG=1",
					"$(inherited)",
				);
				GCC_WARN_64_TO_32_BIT_CONVERSION = YES;
				GCC_WARN_ABOUT_RETURN_TYPE = YES_ERROR;
				GCC_WARN_UNDECLARED_SELECTOR = YES;
				GCC_WARN_UNINITIALIZED_AUTOS = YES_AGGRESSIVE;
				GCC_WARN_UNUSED_FUNCTION = YES;
				GCC_WARN_UNUSED_VARIABLE = YES;
				IPHONEOS_DEPLOYMENT_TARGET = 17.2;
				LOCALIZATION_PREFERS_STRING_CATALOGS = YES;
				MTL_ENABLE_DEBUG_INFO = INCLUDE_SOURCE;
				MTL_FAST_MATH = YES;
				ONLY_ACTIVE_ARCH = YES;
				SDKROOT = iphoneos;
				SWIFT_ACTIVE_COMPILATION_CONDITIONS = "DEBUG $(inherited)";
				SWIFT_OPTIMIZATION_LEVEL = "-Onone";
			};
			name = Debug;
		};
		9BDF25F22B71F87E0084D816 /* Release */ = {
			isa = XCBuildConfiguration;
			buildSettings = {
				ALWAYS_SEARCH_USER_PATHS = NO;
				ASSETCATALOG_COMPILER_GENERATE_SWIFT_ASSET_SYMBOL_EXTENSIONS = YES;
				CLANG_ANALYZER_NONNULL = YES;
				CLANG_ANALYZER_NUMBER_OBJECT_CONVERSION = YES_AGGRESSIVE;
				CLANG_CXX_LANGUAGE_STANDARD = "gnu++20";
				CLANG_ENABLE_MODULES = YES;
				CLANG_ENABLE_OBJC_ARC = YES;
				CLANG_ENABLE_OBJC_WEAK = YES;
				CLANG_WARN_BLOCK_CAPTURE_AUTORELEASING = YES;
				CLANG_WARN_BOOL_CONVERSION = YES;
				CLANG_WARN_COMMA = YES;
				CLANG_WARN_CONSTANT_CONVERSION = YES;
				CLANG_WARN_DEPRECATED_OBJC_IMPLEMENTATIONS = YES;
				CLANG_WARN_DIRECT_OBJC_ISA_USAGE = YES_ERROR;
				CLANG_WARN_DOCUMENTATION_COMMENTS = YES;
				CLANG_WARN_EMPTY_BODY = YES;
				CLANG_WARN_ENUM_CONVERSION = YES;
				CLANG_WARN_INFINITE_RECURSION = YES;
				CLANG_WARN_INT_CONVERSION = YES;
				CLANG_WARN_NON_LITERAL_NULL_CONVERSION = YES;
				CLANG_WARN_OBJC_IMPLICIT_RETAIN_SELF = YES;
				CLANG_WARN_OBJC_LITERAL_CONVERSION = YES;
				CLANG_WARN_OBJC_ROOT_CLASS = YES_ERROR;
				CLANG_WARN_QUOTED_INCLUDE_IN_FRAMEWORK_HEADER = YES;
				CLANG_WARN_RANGE_LOOP_ANALYSIS = YES;
				CLANG_WARN_STRICT_PROTOTYPES = YES;
				CLANG_WARN_SUSPICIOUS_MOVE = YES;
				CLANG_WARN_UNGUARDED_AVAILABILITY = YES_AGGRESSIVE;
				CLANG_WARN_UNREACHABLE_CODE = YES;
				CLANG_WARN__DUPLICATE_METHOD_MATCH = YES;
				COPY_PHASE_STRIP = NO;
				DEBUG_INFORMATION_FORMAT = "dwarf-with-dsym";
				ENABLE_NS_ASSERTIONS = NO;
				ENABLE_STRICT_OBJC_MSGSEND = YES;
				ENABLE_USER_SCRIPT_SANDBOXING = YES;
				GCC_C_LANGUAGE_STANDARD = gnu17;
				GCC_NO_COMMON_BLOCKS = YES;
				GCC_WARN_64_TO_32_BIT_CONVERSION = YES;
				GCC_WARN_ABOUT_RETURN_TYPE = YES_ERROR;
				GCC_WARN_UNDECLARED_SELECTOR = YES;
				GCC_WARN_UNINITIALIZED_AUTOS = YES_AGGRESSIVE;
				GCC_WARN_UNUSED_FUNCTION = YES;
				GCC_WARN_UNUSED_VARIABLE = YES;
				IPHONEOS_DEPLOYMENT_TARGET = 17.2;
				LOCALIZATION_PREFERS_STRING_CATALOGS = YES;
				MTL_ENABLE_DEBUG_INFO = NO;
				MTL_FAST_MATH = YES;
				SDKROOT = iphoneos;
				SWIFT_COMPILATION_MODE = wholemodule;
				VALIDATE_PRODUCT = YES;
			};
			name = Release;
		};
		9BDF25F42B71F87E0084D816 /* Debug */ = {
			isa = XCBuildConfiguration;
			buildSettings = {
				ASSETCATALOG_COMPILER_APPICON_NAME = AppIcon;
				ASSETCATALOG_COMPILER_GLOBAL_ACCENT_COLOR_NAME = AccentColor;
				CODE_SIGN_STYLE = Automatic;
				CURRENT_PROJECT_VERSION = 1;
				DEVELOPMENT_ASSET_PATHS = "\"TestSpar/Preview Content\"";
				DEVELOPMENT_TEAM = MR7M585QP8;
				ENABLE_PREVIEWS = YES;
				GENERATE_INFOPLIST_FILE = YES;
				INFOPLIST_KEY_UIApplicationSceneManifest_Generation = YES;
				INFOPLIST_KEY_UIApplicationSupportsIndirectInputEvents = YES;
				INFOPLIST_KEY_UILaunchScreen_Generation = YES;
				INFOPLIST_KEY_UISupportedInterfaceOrientations_iPad = "UIInterfaceOrientationPortrait UIInterfaceOrientationPortraitUpsideDown UIInterfaceOrientationLandscapeLeft UIInterfaceOrientationLandscapeRight";
				INFOPLIST_KEY_UISupportedInterfaceOrientations_iPhone = "UIInterfaceOrientationPortrait UIInterfaceOrientationLandscapeLeft UIInterfaceOrientationLandscapeRight";
				LD_RUNPATH_SEARCH_PATHS = (
					"$(inherited)",
					"@executable_path/Frameworks",
				);
				MARKETING_VERSION = 1.0;
				PRODUCT_BUNDLE_IDENTIFIER = TZ.TestSpar;
				PRODUCT_NAME = "$(TARGET_NAME)";
				SWIFT_EMIT_LOC_STRINGS = YES;
				SWIFT_VERSION = 5.0;
				TARGETED_DEVICE_FAMILY = "1,2";
			};
			name = Debug;
		};
		9BDF25F52B71F87E0084D816 /* Release */ = {
			isa = XCBuildConfiguration;
			buildSettings = {
				ASSETCATALOG_COMPILER_APPICON_NAME = AppIcon;
				ASSETCATALOG_COMPILER_GLOBAL_ACCENT_COLOR_NAME = AccentColor;
				CODE_SIGN_STYLE = Automatic;
				CURRENT_PROJECT_VERSION = 1;
				DEVELOPMENT_ASSET_PATHS = "\"TestSpar/Preview Content\"";
				DEVELOPMENT_TEAM = MR7M585QP8;
				ENABLE_PREVIEWS = YES;
				GENERATE_INFOPLIST_FILE = YES;
				INFOPLIST_KEY_UIApplicationSceneManifest_Generation = YES;
				INFOPLIST_KEY_UIApplicationSupportsIndirectInputEvents = YES;
				INFOPLIST_KEY_UILaunchScreen_Generation = YES;
				INFOPLIST_KEY_UISupportedInterfaceOrientations_iPad = "UIInterfaceOrientationPortrait UIInterfaceOrientationPortraitUpsideDown UIInterfaceOrientationLandscapeLeft UIInterfaceOrientationLandscapeRight";
				INFOPLIST_KEY_UISupportedInterfaceOrientations_iPhone = "UIInterfaceOrientationPortrait UIInterfaceOrientationLandscapeLeft UIInterfaceOrientationLandscapeRight";
				LD_RUNPATH_SEARCH_PATHS = (
					"$(inherited)",
					"@executable_path/Frameworks",
				);
				MARKETING_VERSION = 1.0;
				PRODUCT_BUNDLE_IDENTIFIER = TZ.TestSpar;
				PRODUCT_NAME = "$(TARGET_NAME)";
				SWIFT_EMIT_LOC_STRINGS = YES;
				SWIFT_VERSION = 5.0;
				TARGETED_DEVICE_FAMILY = "1,2";
			};
			name = Release;
		};
		9BDF25F72B71F87E0084D816 /* Debug */ = {
			isa = XCBuildConfiguration;
			buildSettings = {
				ALWAYS_EMBED_SWIFT_STANDARD_LIBRARIES = YES;
				BUNDLE_LOADER = "$(TEST_HOST)";
				CODE_SIGN_STYLE = Automatic;
				CURRENT_PROJECT_VERSION = 1;
				DEVELOPMENT_TEAM = MR7M585QP8;
				GENERATE_INFOPLIST_FILE = YES;
				IPHONEOS_DEPLOYMENT_TARGET = 17.2;
				MARKETING_VERSION = 1.0;
				PRODUCT_BUNDLE_IDENTIFIER = TZ.TestSparTests;
				PRODUCT_NAME = "$(TARGET_NAME)";
				SWIFT_EMIT_LOC_STRINGS = NO;
				SWIFT_VERSION = 5.0;
				TARGETED_DEVICE_FAMILY = "1,2";
				TEST_HOST = "$(BUILT_PRODUCTS_DIR)/TestSpar.app/$(BUNDLE_EXECUTABLE_FOLDER_PATH)/TestSpar";
			};
			name = Debug;
		};
		9BDF25F82B71F87E0084D816 /* Release */ = {
			isa = XCBuildConfiguration;
			buildSettings = {
				ALWAYS_EMBED_SWIFT_STANDARD_LIBRARIES = YES;
				BUNDLE_LOADER = "$(TEST_HOST)";
				CODE_SIGN_STYLE = Automatic;
				CURRENT_PROJECT_VERSION = 1;
				DEVELOPMENT_TEAM = MR7M585QP8;
				GENERATE_INFOPLIST_FILE = YES;
				IPHONEOS_DEPLOYMENT_TARGET = 17.2;
				MARKETING_VERSION = 1.0;
				PRODUCT_BUNDLE_IDENTIFIER = TZ.TestSparTests;
				PRODUCT_NAME = "$(TARGET_NAME)";
				SWIFT_EMIT_LOC_STRINGS = NO;
				SWIFT_VERSION = 5.0;
				TARGETED_DEVICE_FAMILY = "1,2";
				TEST_HOST = "$(BUILT_PRODUCTS_DIR)/TestSpar.app/$(BUNDLE_EXECUTABLE_FOLDER_PATH)/TestSpar";
			};
			name = Release;
		};
		9BDF25FA2B71F87E0084D816 /* Debug */ = {
			isa = XCBuildConfiguration;
			buildSettings = {
				ALWAYS_EMBED_SWIFT_STANDARD_LIBRARIES = YES;
				CODE_SIGN_STYLE = Automatic;
				CURRENT_PROJECT_VERSION = 1;
				DEVELOPMENT_TEAM = MR7M585QP8;
				GENERATE_INFOPLIST_FILE = YES;
				MARKETING_VERSION = 1.0;
				PRODUCT_BUNDLE_IDENTIFIER = TZ.TestSparUITests;
				PRODUCT_NAME = "$(TARGET_NAME)";
				SWIFT_EMIT_LOC_STRINGS = NO;
				SWIFT_VERSION = 5.0;
				TARGETED_DEVICE_FAMILY = "1,2";
				TEST_TARGET_NAME = TestSpar;
			};
			name = Debug;
		};
		9BDF25FB2B71F87E0084D816 /* Release */ = {
			isa = XCBuildConfiguration;
			buildSettings = {
				ALWAYS_EMBED_SWIFT_STANDARD_LIBRARIES = YES;
				CODE_SIGN_STYLE = Automatic;
				CURRENT_PROJECT_VERSION = 1;
				DEVELOPMENT_TEAM = MR7M585QP8;
				GENERATE_INFOPLIST_FILE = YES;
				MARKETING_VERSION = 1.0;
				PRODUCT_BUNDLE_IDENTIFIER = TZ.TestSparUITests;
				PRODUCT_NAME = "$(TARGET_NAME)";
				SWIFT_EMIT_LOC_STRINGS = NO;
				SWIFT_VERSION = 5.0;
				TARGETED_DEVICE_FAMILY = "1,2";
				TEST_TARGET_NAME = TestSpar;
			};
			name = Release;
		};
/* End XCBuildConfiguration section */

/* Begin XCConfigurationList section */
		9BDF25C82B71F87C0084D816 /* Build configuration list for PBXProject "TestSpar" */ = {
			isa = XCConfigurationList;
			buildConfigurations = (
				9BDF25F12B71F87E0084D816 /* Debug */,
				9BDF25F22B71F87E0084D816 /* Release */,
			);
			defaultConfigurationIsVisible = 0;
			defaultConfigurationName = Release;
		};
		9BDF25F32B71F87E0084D816 /* Build configuration list for PBXNativeTarget "TestSpar" */ = {
			isa = XCConfigurationList;
			buildConfigurations = (
				9BDF25F42B71F87E0084D816 /* Debug */,
				9BDF25F52B71F87E0084D816 /* Release */,
			);
			defaultConfigurationIsVisible = 0;
			defaultConfigurationName = Release;
		};
		9BDF25F62B71F87E0084D816 /* Build configuration list for PBXNativeTarget "TestSparTests" */ = {
			isa = XCConfigurationList;
			buildConfigurations = (
				9BDF25F72B71F87E0084D816 /* Debug */,
				9BDF25F82B71F87E0084D816 /* Release */,
			);
			defaultConfigurationIsVisible = 0;
			defaultConfigurationName = Release;
		};
		9BDF25F92B71F87E0084D816 /* Build configuration list for PBXNativeTarget "TestSparUITests" */ = {
			isa = XCConfigurationList;
			buildConfigurations = (
				9BDF25FA2B71F87E0084D816 /* Debug */,
				9BDF25FB2B71F87E0084D816 /* Release */,
			);
			defaultConfigurationIsVisible = 0;
			defaultConfigurationName = Release;
		};
/* End XCConfigurationList section */
	};
	rootObject = 9BDF25C52B71F87C0084D816 /* Project object */;
}
